// !$*UTF8*$!
{
	archiveVersion = 1;
	classes = {
	};
	objectVersion = 56;
	objects = {

/* Begin PBXBuildFile section */
		892637ED2A0A255300D3AE31 /* AppDelegate.swift in Sources */ = {isa = PBXBuildFile; fileRef = 892637EC2A0A255300D3AE31 /* AppDelegate.swift */; };
		892637EF2A0A255300D3AE31 /* SceneDelegate.swift in Sources */ = {isa = PBXBuildFile; fileRef = 892637EE2A0A255300D3AE31 /* SceneDelegate.swift */; };
		892637F12A0A255300D3AE31 /* ViewController.swift in Sources */ = {isa = PBXBuildFile; fileRef = 892637F02A0A255300D3AE31 /* ViewController.swift */; };
		892637F42A0A255300D3AE31 /* Main.storyboard in Resources */ = {isa = PBXBuildFile; fileRef = 892637F22A0A255300D3AE31 /* Main.storyboard */; };
		892637F62A0A255400D3AE31 /* Assets.xcassets in Resources */ = {isa = PBXBuildFile; fileRef = 892637F52A0A255400D3AE31 /* Assets.xcassets */; };
		892637F92A0A255400D3AE31 /* LaunchScreen.storyboard in Resources */ = {isa = PBXBuildFile; fileRef = 892637F72A0A255400D3AE31 /* LaunchScreen.storyboard */; };
		8926381A2A0A258A00D3AE31 /* bgBlue.png in Resources */ = {isa = PBXBuildFile; fileRef = 892638022A0A258A00D3AE31 /* bgBlue.png */; };
		8926381B2A0A258A00D3AE31 /* bgGreen.png in Resources */ = {isa = PBXBuildFile; fileRef = 892638032A0A258A00D3AE31 /* bgGreen.png */; };
		8926381C2A0A258A00D3AE31 /* gacha.png in Resources */ = {isa = PBXBuildFile; fileRef = 892638042A0A258A00D3AE31 /* gacha.png */; };
		8926381D2A0A258A00D3AE31 /* bgRed.png in Resources */ = {isa = PBXBuildFile; fileRef = 892638052A0A258A00D3AE31 /* bgRed.png */; };
		8926381E2A0A258A00D3AE31 /* Presentbox.png in Resources */ = {isa = PBXBuildFile; fileRef = 892638062A0A258A00D3AE31 /* Presentbox.png */; };
		8926381F2A0A258A00D3AE31 /* mediaArt.png in Resources */ = {isa = PBXBuildFile; fileRef = 892638082A0A258A00D3AE31 /* mediaArt.png */; };
		892638202A0A258A00D3AE31 /* digitalMusic.png in Resources */ = {isa = PBXBuildFile; fileRef = 892638092A0A258A00D3AE31 /* digitalMusic.png */; };
		892638212A0A258A00D3AE31 /* unity.png in Resources */ = {isa = PBXBuildFile; fileRef = 8926380A2A0A258A00D3AE31 /* unity.png */; };
		892638222A0A258A00D3AE31 /* designer.png in Resources */ = {isa = PBXBuildFile; fileRef = 8926380B2A0A258A00D3AE31 /* designer.png */; };
		892638232A0A258A00D3AE31 /* movie.png in Resources */ = {isa = PBXBuildFile; fileRef = 8926380C2A0A258A00D3AE31 /* movie.png */; };
		892638242A0A258A00D3AE31 /* animation.png in Resources */ = {isa = PBXBuildFile; fileRef = 8926380D2A0A258A00D3AE31 /* animation.png */; };
		892638252A0A258A00D3AE31 /* webService.png in Resources */ = {isa = PBXBuildFile; fileRef = 8926380E2A0A258A00D3AE31 /* webService.png */; };
		892638262A0A258A00D3AE31 /* android.png in Resources */ = {isa = PBXBuildFile; fileRef = 8926380F2A0A258A00D3AE31 /* android.png */; };
		892638272A0A258A00D3AE31 /* IoTMesh.png in Resources */ = {isa = PBXBuildFile; fileRef = 892638102A0A258A00D3AE31 /* IoTMesh.png */; };
		892638282A0A258A00D3AE31 /* minecraft.png in Resources */ = {isa = PBXBuildFile; fileRef = 892638112A0A258A00D3AE31 /* minecraft.png */; };
		892638292A0A258A00D3AE31 /* maya.png in Resources */ = {isa = PBXBuildFile; fileRef = 892638122A0A258A00D3AE31 /* maya.png */; };
		8926382A2A0A258A00D3AE31 /* iphone.png in Resources */ = {isa = PBXBuildFile; fileRef = 892638132A0A258A00D3AE31 /* iphone.png */; };
		8926382B2A0A258A00D3AE31 /* webDesign.png in Resources */ = {isa = PBXBuildFile; fileRef = 892638142A0A258A00D3AE31 /* webDesign.png */; };
		8926382C2A0A258A00D3AE31 /* README.txt in Resources */ = {isa = PBXBuildFile; fileRef = 892638152A0A258A00D3AE31 /* README.txt */; };
		8926382D2A0A258A00D3AE31 /* miku.png in Resources */ = {isa = PBXBuildFile; fileRef = 892638162A0A258A00D3AE31 /* miku.png */; };
		8926382E2A0A258A00D3AE31 /* 2DGame.png in Resources */ = {isa = PBXBuildFile; fileRef = 892638172A0A258A00D3AE31 /* 2DGame.png */; };
		8926382F2A0A258A00D3AE31 /* line.png in Resources */ = {isa = PBXBuildFile; fileRef = 892638182A0A258A00D3AE31 /* line.png */; };
		892638302A0A258A00D3AE31 /* camera.png in Resources */ = {isa = PBXBuildFile; fileRef = 892638192A0A258A00D3AE31 /* camera.png */; };
		892638322A0A27B900D3AE31 /* ResultViewController.swift in Sources */ = {isa = PBXBuildFile; fileRef = 892638312A0A27B900D3AE31 /* ResultViewController.swift */; };
/* End PBXBuildFile section */

/* Begin PBXFileReference section */
		892637E92A0A255300D3AE31 /* GachaApp.app */ = {isa = PBXFileReference; explicitFileType = wrapper.application; includeInIndex = 0; path = GachaApp.app; sourceTree = BUILT_PRODUCTS_DIR; };
		892637EC2A0A255300D3AE31 /* AppDelegate.swift */ = {isa = PBXFileReference; lastKnownFileType = sourcecode.swift; path = AppDelegate.swift; sourceTree = "<group>"; };
		892637EE2A0A255300D3AE31 /* SceneDelegate.swift */ = {isa = PBXFileReference; lastKnownFileType = sourcecode.swift; path = SceneDelegate.swift; sourceTree = "<group>"; };
		892637F02A0A255300D3AE31 /* ViewController.swift */ = {isa = PBXFileReference; lastKnownFileType = sourcecode.swift; path = ViewController.swift; sourceTree = "<group>"; };
		892637F32A0A255300D3AE31 /* Base */ = {isa = PBXFileReference; lastKnownFileType = file.storyboard; name = Base; path = Base.lproj/Main.storyboard; sourceTree = "<group>"; };
		892637F52A0A255400D3AE31 /* Assets.xcassets */ = {isa = PBXFileReference; lastKnownFileType = folder.assetcatalog; path = Assets.xcassets; sourceTree = "<group>"; };
		892637F82A0A255400D3AE31 /* Base */ = {isa = PBXFileReference; lastKnownFileType = file.storyboard; name = Base; path = Base.lproj/LaunchScreen.storyboard; sourceTree = "<group>"; };
		892637FA2A0A255400D3AE31 /* Info.plist */ = {isa = PBXFileReference; lastKnownFileType = text.plist.xml; path = Info.plist; sourceTree = "<group>"; };
		892638022A0A258A00D3AE31 /* bgBlue.png */ = {isa = PBXFileReference; lastKnownFileType = image.png; path = bgBlue.png; sourceTree = "<group>"; };
		892638032A0A258A00D3AE31 /* bgGreen.png */ = {isa = PBXFileReference; lastKnownFileType = image.png; path = bgGreen.png; sourceTree = "<group>"; };
		892638042A0A258A00D3AE31 /* gacha.png */ = {isa = PBXFileReference; lastKnownFileType = image.png; path = gacha.png; sourceTree = "<group>"; };
		892638052A0A258A00D3AE31 /* bgRed.png */ = {isa = PBXFileReference; lastKnownFileType = image.png; path = bgRed.png; sourceTree = "<group>"; };
		892638062A0A258A00D3AE31 /* Presentbox.png */ = {isa = PBXFileReference; lastKnownFileType = image.png; path = Presentbox.png; sourceTree = "<group>"; };
		892638082A0A258A00D3AE31 /* mediaArt.png */ = {isa = PBXFileReference; lastKnownFileType = image.png; path = mediaArt.png; sourceTree = "<group>"; };
		892638092A0A258A00D3AE31 /* digitalMusic.png */ = {isa = PBXFileReference; lastKnownFileType = image.png; path = digitalMusic.png; sourceTree = "<group>"; };
		8926380A2A0A258A00D3AE31 /* unity.png */ = {isa = PBXFileReference; lastKnownFileType = image.png; path = unity.png; sourceTree = "<group>"; };
		8926380B2A0A258A00D3AE31 /* designer.png */ = {isa = PBXFileReference; lastKnownFileType = image.png; path = designer.png; sourceTree = "<group>"; };
		8926380C2A0A258A00D3AE31 /* movie.png */ = {isa = PBXFileReference; lastKnownFileType = image.png; path = movie.png; sourceTree = "<group>"; };
		8926380D2A0A258A00D3AE31 /* animation.png */ = {isa = PBXFileReference; lastKnownFileType = image.png; path = animation.png; sourceTree = "<group>"; };
		8926380E2A0A258A00D3AE31 /* webService.png */ = {isa = PBXFileReference; lastKnownFileType = image.png; path = webService.png; sourceTree = "<group>"; };
		8926380F2A0A258A00D3AE31 /* android.png */ = {isa = PBXFileReference; lastKnownFileType = image.png; path = android.png; sourceTree = "<group>"; };
		892638102A0A258A00D3AE31 /* IoTMesh.png */ = {isa = PBXFileReference; lastKnownFileType = image.png; path = IoTMesh.png; sourceTree = "<group>"; };
		892638112A0A258A00D3AE31 /* minecraft.png */ = {isa = PBXFileReference; lastKnownFileType = image.png; path = minecraft.png; sourceTree = "<group>"; };
		892638122A0A258A00D3AE31 /* maya.png */ = {isa = PBXFileReference; lastKnownFileType = image.png; path = maya.png; sourceTree = "<group>"; };
		892638132A0A258A00D3AE31 /* iphone.png */ = {isa = PBXFileReference; lastKnownFileType = image.png; path = iphone.png; sourceTree = "<group>"; };
		892638142A0A258A00D3AE31 /* webDesign.png */ = {isa = PBXFileReference; lastKnownFileType = image.png; path = webDesign.png; sourceTree = "<group>"; };
		892638152A0A258A00D3AE31 /* README.txt */ = {isa = PBXFileReference; fileEncoding = 4; lastKnownFileType = text; path = README.txt; sourceTree = "<group>"; };
		892638162A0A258A00D3AE31 /* miku.png */ = {isa = PBXFileReference; lastKnownFileType = image.png; path = miku.png; sourceTree = "<group>"; };
		892638172A0A258A00D3AE31 /* 2DGame.png */ = {isa = PBXFileReference; lastKnownFileType = image.png; path = 2DGame.png; sourceTree = "<group>"; };
		892638182A0A258A00D3AE31 /* line.png */ = {isa = PBXFileReference; lastKnownFileType = image.png; path = line.png; sourceTree = "<group>"; };
		892638192A0A258A00D3AE31 /* camera.png */ = {isa = PBXFileReference; lastKnownFileType = image.png; path = camera.png; sourceTree = "<group>"; };
		892638312A0A27B900D3AE31 /* ResultViewController.swift */ = {isa = PBXFileReference; lastKnownFileType = sourcecode.swift; path = ResultViewController.swift; sourceTree = "<group>"; };
/* End PBXFileReference section */

/* Begin PBXFrameworksBuildPhase section */
		892637E62A0A255300D3AE31 /* Frameworks */ = {
			isa = PBXFrameworksBuildPhase;
			buildActionMask = 2147483647;
			files = (
			);
			runOnlyForDeploymentPostprocessing = 0;
		};
/* End PBXFrameworksBuildPhase section */

/* Begin PBXGroup section */
		892637E02A0A255300D3AE31 = {
			isa = PBXGroup;
			children = (
				892637EB2A0A255300D3AE31 /* GachaApp */,
				892637EA2A0A255300D3AE31 /* Products */,
			);
			sourceTree = "<group>";
		};
		892637EA2A0A255300D3AE31 /* Products */ = {
			isa = PBXGroup;
			children = (
				892637E92A0A255300D3AE31 /* GachaApp.app */,
			);
			name = Products;
			sourceTree = "<group>";
		};
		892637EB2A0A255300D3AE31 /* GachaApp */ = {
			isa = PBXGroup;
			children = (
				892637EC2A0A255300D3AE31 /* AppDelegate.swift */,
				892637EE2A0A255300D3AE31 /* SceneDelegate.swift */,
				892637F02A0A255300D3AE31 /* ViewController.swift */,
				892638312A0A27B900D3AE31 /* ResultViewController.swift */,
				892637F22A0A255300D3AE31 /* Main.storyboard */,
				892637F52A0A255400D3AE31 /* Assets.xcassets */,
				892638002A0A258A00D3AE31 /* GachaResources */,
				892637F72A0A255400D3AE31 /* LaunchScreen.storyboard */,
				892637FA2A0A255400D3AE31 /* Info.plist */,
			);
			path = GachaApp;
			sourceTree = "<group>";
		};
		892638002A0A258A00D3AE31 /* GachaResources */ = {
			isa = PBXGroup;
			children = (
				892638012A0A258A00D3AE31 /* background */,
				892638072A0A258A00D3AE31 /* character */,
			);
			path = GachaResources;
			sourceTree = "<group>";
		};
		892638012A0A258A00D3AE31 /* background */ = {
			isa = PBXGroup;
			children = (
				892638022A0A258A00D3AE31 /* bgBlue.png */,
				892638032A0A258A00D3AE31 /* bgGreen.png */,
				892638042A0A258A00D3AE31 /* gacha.png */,
				892638052A0A258A00D3AE31 /* bgRed.png */,
				892638062A0A258A00D3AE31 /* Presentbox.png */,
			);
			path = background;
			sourceTree = "<group>";
		};
		892638072A0A258A00D3AE31 /* character */ = {
			isa = PBXGroup;
			children = (
				892638082A0A258A00D3AE31 /* mediaArt.png */,
				892638092A0A258A00D3AE31 /* digitalMusic.png */,
				8926380A2A0A258A00D3AE31 /* unity.png */,
				8926380B2A0A258A00D3AE31 /* designer.png */,
				8926380C2A0A258A00D3AE31 /* movie.png */,
				8926380D2A0A258A00D3AE31 /* animation.png */,
				8926380E2A0A258A00D3AE31 /* webService.png */,
				8926380F2A0A258A00D3AE31 /* android.png */,
				892638102A0A258A00D3AE31 /* IoTMesh.png */,
				892638112A0A258A00D3AE31 /* minecraft.png */,
				892638122A0A258A00D3AE31 /* maya.png */,
				892638132A0A258A00D3AE31 /* iphone.png */,
				892638142A0A258A00D3AE31 /* webDesign.png */,
				892638152A0A258A00D3AE31 /* README.txt */,
				892638162A0A258A00D3AE31 /* miku.png */,
				892638172A0A258A00D3AE31 /* 2DGame.png */,
				892638182A0A258A00D3AE31 /* line.png */,
				892638192A0A258A00D3AE31 /* camera.png */,
			);
			path = character;
			sourceTree = "<group>";
		};
/* End PBXGroup section */

/* Begin PBXNativeTarget section */
		892637E82A0A255300D3AE31 /* GachaApp */ = {
			isa = PBXNativeTarget;
			buildConfigurationList = 892637FD2A0A255400D3AE31 /* Build configuration list for PBXNativeTarget "GachaApp" */;
			buildPhases = (
				892637E52A0A255300D3AE31 /* Sources */,
				892637E62A0A255300D3AE31 /* Frameworks */,
				892637E72A0A255300D3AE31 /* Resources */,
			);
			buildRules = (
			);
			dependencies = (
			);
			name = GachaApp;
			productName = GachaApp;
			productReference = 892637E92A0A255300D3AE31 /* GachaApp.app */;
			productType = "com.apple.product-type.application";
		};
/* End PBXNativeTarget section */

/* Begin PBXProject section */
		892637E12A0A255300D3AE31 /* Project object */ = {
			isa = PBXProject;
			attributes = {
				BuildIndependentTargetsInParallel = 1;
				LastSwiftUpdateCheck = 1430;
				LastUpgradeCheck = 1430;
				TargetAttributes = {
					892637E82A0A255300D3AE31 = {
						CreatedOnToolsVersion = 14.3;
					};
				};
			};
			buildConfigurationList = 892637E42A0A255300D3AE31 /* Build configuration list for PBXProject "GachaApp" */;
			compatibilityVersion = "Xcode 14.0";
			developmentRegion = en;
			hasScannedForEncodings = 0;
			knownRegions = (
				en,
				Base,
			);
			mainGroup = 892637E02A0A255300D3AE31;
			productRefGroup = 892637EA2A0A255300D3AE31 /* Products */;
			projectDirPath = "";
			projectRoot = "";
			targets = (
				892637E82A0A255300D3AE31 /* GachaApp */,
			);
		};
/* End PBXProject section */

/* Begin PBXResourcesBuildPhase section */
		892637E72A0A255300D3AE31 /* Resources */ = {
			isa = PBXResourcesBuildPhase;
			buildActionMask = 2147483647;
			files = (
				892637F92A0A255400D3AE31 /* LaunchScreen.storyboard in Resources */,
				8926381F2A0A258A00D3AE31 /* mediaArt.png in Resources */,
				8926382C2A0A258A00D3AE31 /* README.txt in Resources */,
				892638202A0A258A00D3AE31 /* digitalMusic.png in Resources */,
				8926381D2A0A258A00D3AE31 /* bgRed.png in Resources */,
				892638232A0A258A00D3AE31 /* movie.png in Resources */,
				892638302A0A258A00D3AE31 /* camera.png in Resources */,
				892638282A0A258A00D3AE31 /* minecraft.png in Resources */,
				8926382B2A0A258A00D3AE31 /* webDesign.png in Resources */,
				892638222A0A258A00D3AE31 /* designer.png in Resources */,
				892638252A0A258A00D3AE31 /* webService.png in Resources */,
				892637F62A0A255400D3AE31 /* Assets.xcassets in Resources */,
				8926381E2A0A258A00D3AE31 /* Presentbox.png in Resources */,
				892638212A0A258A00D3AE31 /* unity.png in Resources */,
				8926382E2A0A258A00D3AE31 /* 2DGame.png in Resources */,
				892638272A0A258A00D3AE31 /* IoTMesh.png in Resources */,
				8926382A2A0A258A00D3AE31 /* iphone.png in Resources */,
				8926382F2A0A258A00D3AE31 /* line.png in Resources */,
				892638292A0A258A00D3AE31 /* maya.png in Resources */,
				8926382D2A0A258A00D3AE31 /* miku.png in Resources */,
				8926381B2A0A258A00D3AE31 /* bgGreen.png in Resources */,
				8926381A2A0A258A00D3AE31 /* bgBlue.png in Resources */,
				8926381C2A0A258A00D3AE31 /* gacha.png in Resources */,
				892638242A0A258A00D3AE31 /* animation.png in Resources */,
				892637F42A0A255300D3AE31 /* Main.storyboard in Resources */,
				892638262A0A258A00D3AE31 /* android.png in Resources */,
			);
			runOnlyForDeploymentPostprocessing = 0;
		};
/* End PBXResourcesBuildPhase section */

/* Begin PBXSourcesBuildPhase section */
		892637E52A0A255300D3AE31 /* Sources */ = {
			isa = PBXSourcesBuildPhase;
			buildActionMask = 2147483647;
			files = (
				892637F12A0A255300D3AE31 /* ViewController.swift in Sources */,
				892637ED2A0A255300D3AE31 /* AppDelegate.swift in Sources */,
				892637EF2A0A255300D3AE31 /* SceneDelegate.swift in Sources */,
				892638322A0A27B900D3AE31 /* ResultViewController.swift in Sources */,
			);
			runOnlyForDeploymentPostprocessing = 0;
		};
/* End PBXSourcesBuildPhase section */

/* Begin PBXVariantGroup section */
		892637F22A0A255300D3AE31 /* Main.storyboard */ = {
			isa = PBXVariantGroup;
			children = (
				892637F32A0A255300D3AE31 /* Base */,
			);
			name = Main.storyboard;
			sourceTree = "<group>";
		};
		892637F72A0A255400D3AE31 /* LaunchScreen.storyboard */ = {
			isa = PBXVariantGroup;
			children = (
				892637F82A0A255400D3AE31 /* Base */,
			);
			name = LaunchScreen.storyboard;
			sourceTree = "<group>";
		};
/* End PBXVariantGroup section */

/* Begin XCBuildConfiguration section */
		892637FB2A0A255400D3AE31 /* Debug */ = {
			isa = XCBuildConfiguration;
			buildSettings = {
				ALWAYS_SEARCH_USER_PATHS = NO;
				CLANG_ANALYZER_NONNULL = YES;
				CLANG_ANALYZER_NUMBER_OBJECT_CONVERSION = YES_AGGRESSIVE;
				CLANG_CXX_LANGUAGE_STANDARD = "gnu++20";
				CLANG_ENABLE_MODULES = YES;
				CLANG_ENABLE_OBJC_ARC = YES;
				CLANG_ENABLE_OBJC_WEAK = YES;
				CLANG_WARN_BLOCK_CAPTURE_AUTORELEASING = YES;
				CLANG_WARN_BOOL_CONVERSION = YES;
				CLANG_WARN_COMMA = YES;
				CLANG_WARN_CONSTANT_CONVERSION = YES;
				CLANG_WARN_DEPRECATED_OBJC_IMPLEMENTATIONS = YES;
				CLANG_WARN_DIRECT_OBJC_ISA_USAGE = YES_ERROR;
				CLANG_WARN_DOCUMENTATION_COMMENTS = YES;
				CLANG_WARN_EMPTY_BODY = YES;
				CLANG_WARN_ENUM_CONVERSION = YES;
				CLANG_WARN_INFINITE_RECURSION = YES;
				CLANG_WARN_INT_CONVERSION = YES;
				CLANG_WARN_NON_LITERAL_NULL_CONVERSION = YES;
				CLANG_WARN_OBJC_IMPLICIT_RETAIN_SELF = YES;
				CLANG_WARN_OBJC_LITERAL_CONVERSION = YES;
				CLANG_WARN_OBJC_ROOT_CLASS = YES_ERROR;
				CLANG_WARN_QUOTED_INCLUDE_IN_FRAMEWORK_HEADER = YES;
				CLANG_WARN_RANGE_LOOP_ANALYSIS = YES;
				CLANG_WARN_STRICT_PROTOTYPES = YES;
				CLANG_WARN_SUSPICIOUS_MOVE = YES;
				CLANG_WARN_UNGUARDED_AVAILABILITY = YES_AGGRESSIVE;
				CLANG_WARN_UNREACHABLE_CODE = YES;
				CLANG_WARN__DUPLICATE_METHOD_MATCH = YES;
				COPY_PHASE_STRIP = NO;
				DEBUG_INFORMATION_FORMAT = dwarf;
				ENABLE_STRICT_OBJC_MSGSEND = YES;
				ENABLE_TESTABILITY = YES;
				GCC_C_LANGUAGE_STANDARD = gnu11;
				GCC_DYNAMIC_NO_PIC = NO;
				GCC_NO_COMMON_BLOCKS = YES;
				GCC_OPTIMIZATION_LEVEL = 0;
				GCC_PREPROCESSOR_DEFINITIONS = (
					"DEBUG=1",
					"$(inherited)",
				);
				GCC_WARN_64_TO_32_BIT_CONVERSION = YES;
				GCC_WARN_ABOUT_RETURN_TYPE = YES_ERROR;
				GCC_WARN_UNDECLARED_SELECTOR = YES;
				GCC_WARN_UNINITIALIZED_AUTOS = YES_AGGRESSIVE;
				GCC_WARN_UNUSED_FUNCTION = YES;
				GCC_WARN_UNUSED_VARIABLE = YES;
				IPHONEOS_DEPLOYMENT_TARGET = 16.4;
				MTL_ENABLE_DEBUG_INFO = INCLUDE_SOURCE;
				MTL_FAST_MATH = YES;
				ONLY_ACTIVE_ARCH = YES;
				SDKROOT = iphoneos;
				SWIFT_ACTIVE_COMPILATION_CONDITIONS = DEBUG;
				SWIFT_OPTIMIZATION_LEVEL = "-Onone";
			};
			name = Debug;
		};
		892637FC2A0A255400D3AE31 /* Release */ = {
			isa = XCBuildConfiguration;
			buildSettings = {
				ALWAYS_SEARCH_USER_PATHS = NO;
				CLANG_ANALYZER_NONNULL = YES;
				CLANG_ANALYZER_NUMBER_OBJECT_CONVERSION = YES_AGGRESSIVE;
				CLANG_CXX_LANGUAGE_STANDARD = "gnu++20";
				CLANG_ENABLE_MODULES = YES;
				CLANG_ENABLE_OBJC_ARC = YES;
				CLANG_ENABLE_OBJC_WEAK = YES;
				CLANG_WARN_BLOCK_CAPTURE_AUTORELEASING = YES;
				CLANG_WARN_BOOL_CONVERSION = YES;
				CLANG_WARN_COMMA = YES;
				CLANG_WARN_CONSTANT_CONVERSION = YES;
				CLANG_WARN_DEPRECATED_OBJC_IMPLEMENTATIONS = YES;
				CLANG_WARN_DIRECT_OBJC_ISA_USAGE = YES_ERROR;
				CLANG_WARN_DOCUMENTATION_COMMENTS = YES;
				CLANG_WARN_EMPTY_BODY = YES;
				CLANG_WARN_ENUM_CONVERSION = YES;
				CLANG_WARN_INFINITE_RECURSION = YES;
				CLANG_WARN_INT_CONVERSION = YES;
				CLANG_WARN_NON_LITERAL_NULL_CONVERSION = YES;
				CLANG_WARN_OBJC_IMPLICIT_RETAIN_SELF = YES;
				CLANG_WARN_OBJC_LITERAL_CONVERSION = YES;
				CLANG_WARN_OBJC_ROOT_CLASS = YES_ERROR;
				CLANG_WARN_QUOTED_INCLUDE_IN_FRAMEWORK_HEADER = YES;
				CLANG_WARN_RANGE_LOOP_ANALYSIS = YES;
				CLANG_WARN_STRICT_PROTOTYPES = YES;
				CLANG_WARN_SUSPICIOUS_MOVE = YES;
				CLANG_WARN_UNGUARDED_AVAILABILITY = YES_AGGRESSIVE;
				CLANG_WARN_UNREACHABLE_CODE = YES;
				CLANG_WARN__DUPLICATE_METHOD_MATCH = YES;
				COPY_PHASE_STRIP = NO;
				DEBUG_INFORMATION_FORMAT = "dwarf-with-dsym";
				ENABLE_NS_ASSERTIONS = NO;
				ENABLE_STRICT_OBJC_MSGSEND = YES;
				GCC_C_LANGUAGE_STANDARD = gnu11;
				GCC_NO_COMMON_BLOCKS = YES;
				GCC_WARN_64_TO_32_BIT_CONVERSION = YES;
				GCC_WARN_ABOUT_RETURN_TYPE = YES_ERROR;
				GCC_WARN_UNDECLARED_SELECTOR = YES;
				GCC_WARN_UNINITIALIZED_AUTOS = YES_AGGRESSIVE;
				GCC_WARN_UNUSED_FUNCTION = YES;
				GCC_WARN_UNUSED_VARIABLE = YES;
				IPHONEOS_DEPLOYMENT_TARGET = 16.4;
				MTL_ENABLE_DEBUG_INFO = NO;
				MTL_FAST_MATH = YES;
				SDKROOT = iphoneos;
				SWIFT_COMPILATION_MODE = wholemodule;
				SWIFT_OPTIMIZATION_LEVEL = "-O";
				VALIDATE_PRODUCT = YES;
			};
			name = Release;
		};
		892637FE2A0A255400D3AE31 /* Debug */ = {
			isa = XCBuildConfiguration;
			buildSettings = {
				ASSETCATALOG_COMPILER_APPICON_NAME = AppIcon;
				ASSETCATALOG_COMPILER_GLOBAL_ACCENT_COLOR_NAME = AccentColor;
				CODE_SIGN_STYLE = Automatic;
				CURRENT_PROJECT_VERSION = 1;
				DEVELOPMENT_TEAM = C9D4LD297U;
				GENERATE_INFOPLIST_FILE = YES;
				INFOPLIST_FILE = GachaApp/Info.plist;
				INFOPLIST_KEY_UIApplicationSupportsIndirectInputEvents = YES;
				INFOPLIST_KEY_UILaunchStoryboardName = LaunchScreen;
				INFOPLIST_KEY_UIMainStoryboardFile = Main;
				INFOPLIST_KEY_UISupportedInterfaceOrientations_iPad = "UIInterfaceOrientationPortrait UIInterfaceOrientationPortraitUpsideDown UIInterfaceOrientationLandscapeLeft UIInterfaceOrientationLandscapeRight";
				INFOPLIST_KEY_UISupportedInterfaceOrientations_iPhone = "UIInterfaceOrientationPortrait UIInterfaceOrientationLandscapeLeft UIInterfaceOrientationLandscapeRight";
				LD_RUNPATH_SEARCH_PATHS = (
					"$(inherited)",
					"@executable_path/Frameworks",
				);
				MARKETING_VERSION = 1.0;
				PRODUCT_BUNDLE_IDENTIFIER = com.SeiOmori.GachaApp;
				PRODUCT_NAME = "$(TARGET_NAME)";
				SWIFT_EMIT_LOC_STRINGS = YES;
				SWIFT_VERSION = 5.0;
				TARGETED_DEVICE_FAMILY = "1,2";
			};
			name = Debug;
		};
		892637FF2A0A255400D3AE31 /* Release */ = {
			isa = XCBuildConfiguration;
			buildSettings = {
				ASSETCATALOG_COMPILER_APPICON_NAME = AppIcon;
				ASSETCATALOG_COMPILER_GLOBAL_ACCENT_COLOR_NAME = AccentColor;
				CODE_SIGN_STYLE = Automatic;
				CURRENT_PROJECT_VERSION = 1;
				DEVELOPMENT_TEAM = C9D4LD297U;
				GENERATE_INFOPLIST_FILE = YES;
				INFOPLIST_FILE = GachaApp/Info.plist;
				INFOPLIST_KEY_UIApplicationSupportsIndirectInputEvents = YES;
				INFOPLIST_KEY_UILaunchStoryboardName = LaunchScreen;
				INFOPLIST_KEY_UIMainStoryboardFile = Main;
				INFOPLIST_KEY_UISupportedInterfaceOrientations_iPad = "UIInterfaceOrientationPortrait UIInterfaceOrientationPortraitUpsideDown UIInterfaceOrientationLandscapeLeft UIInterfaceOrientationLandscapeRight";
				INFOPLIST_KEY_UISupportedInterfaceOrientations_iPhone = "UIInterfaceOrientationPortrait UIInterfaceOrientationLandscapeLeft UIInterfaceOrientationLandscapeRight";
				LD_RUNPATH_SEARCH_PATHS = (
					"$(inherited)",
					"@executable_path/Frameworks",
				);
				MARKETING_VERSION = 1.0;
				PRODUCT_BUNDLE_IDENTIFIER = com.SeiOmori.GachaApp;
				PRODUCT_NAME = "$(TARGET_NAME)";
				SWIFT_EMIT_LOC_STRINGS = YES;
				SWIFT_VERSION = 5.0;
				TARGETED_DEVICE_FAMILY = "1,2";
			};
			name = Release;
		};
/* End XCBuildConfiguration section */

/* Begin XCConfigurationList section */
		892637E42A0A255300D3AE31 /* Build configuration list for PBXProject "GachaApp" */ = {
			isa = XCConfigurationList;
			buildConfigurations = (
				892637FB2A0A255400D3AE31 /* Debug */,
				892637FC2A0A255400D3AE31 /* Release */,
			);
			defaultConfigurationIsVisible = 0;
			defaultConfigurationName = Release;
		};
		892637FD2A0A255400D3AE31 /* Build configuration list for PBXNativeTarget "GachaApp" */ = {
			isa = XCConfigurationList;
			buildConfigurations = (
				892637FE2A0A255400D3AE31 /* Debug */,
				892637FF2A0A255400D3AE31 /* Release */,
			);
			defaultConfigurationIsVisible = 0;
			defaultConfigurationName = Release;
		};
/* End XCConfigurationList section */
	};
	rootObject = 892637E12A0A255300D3AE31 /* Project object */;
}
